
Microsoft Visual Studio Solution File, Format Version 12.00
# Visual Studio Version 16
VisualStudioVersion = 16.0.29806.167
MinimumVisualStudioVersion = 10.0.40219.1
Project("{FAE04EC0-301F-11D3-BF4B-00C04F79EFBC}") = "ExclusaInteligente", "ExclusaInteligente\ExclusaInteligente.csproj", "{B535BE21-54FE-4BB3-9EB6-B584A68B81F5}"
EndProject
Global
	GlobalSection(SolutionConfigurationPlatforms) = preSolution
		Debug|Any CPU = Debug|Any CPU
		Debug|x86 = Debug|x86
		Release|Any CPU = Release|Any CPU
		Release|x86 = Release|x86
	EndGlobalSection
	GlobalSection(ProjectConfigurationPlatforms) = postSolution
		{B535BE21-54FE-4BB3-9EB6-B584A68B81F5}.Debug|Any CPU.ActiveCfg = Debug|Any CPU
		{B535BE21-54FE-4BB3-9EB6-B584A68B81F5}.Debug|Any CPU.Build.0 = Debug|Any CPU
		{B535BE21-54FE-4BB3-9EB6-B584A68B81F5}.Debug|x86.ActiveCfg = Debug|Any CPU
		{B535BE21-54FE-4BB3-9EB6-B584A68B81F5}.Debug|x86.Build.0 = Debug|Any CPU
		{B535BE21-54FE-4BB3-9EB6-B584A68B81F5}.Release|Any CPU.ActiveCfg = Release|Any CPU
		{B535BE21-54FE-4BB3-9EB6-B584A68B81F5}.Release|Any CPU.Build.0 = Release|Any CPU
		{B535BE21-54FE-4BB3-9EB6-B584A68B81F5}.Release|x86.ActiveCfg = Release|Any CPU
		{B535BE21-54FE-4BB3-9EB6-B584A68B81F5}.Release|x86.Build.0 = Release|Any CPU
	EndGlobalSection
	GlobalSection(SolutionProperties) = preSolution
		HideSolutionNode = FALSE
	EndGlobalSection
	GlobalSection(ExtensibilityGlobals) = postSolution
		SolutionGuid = {FC11AE0B-728C-41FA-BB48-599EFC85DEA8}
	EndGlobalSection
EndGlobal
